// !$*UTF8*$!
{
	archiveVersion = 1;
	classes = {
	};
	objectVersion = 56;
	objects = {

/* Begin PBXBuildFile section */
		F13A0E992A798AD300E42AC4 /* UberSwiftUITutorialApp.swift in Sources */ = {isa = PBXBuildFile; fileRef = F13A0E982A798AD300E42AC4 /* UberSwiftUITutorialApp.swift */; };
		F13A0E9D2A798AD400E42AC4 /* Assets.xcassets in Resources */ = {isa = PBXBuildFile; fileRef = F13A0E9C2A798AD400E42AC4 /* Assets.xcassets */; };
		F13A0EA02A798AD400E42AC4 /* Preview Assets.xcassets in Resources */ = {isa = PBXBuildFile; fileRef = F13A0E9F2A798AD400E42AC4 /* Preview Assets.xcassets */; };
		F13A0EAF2A798D2200E42AC4 /* HomeView.swift in Sources */ = {isa = PBXBuildFile; fileRef = F13A0EAE2A798D2200E42AC4 /* HomeView.swift */; };
		F13A0EB12A798E3900E42AC4 /* UberMapViewRepresentable.swift in Sources */ = {isa = PBXBuildFile; fileRef = F13A0EB02A798E3900E42AC4 /* UberMapViewRepresentable.swift */; };
		F13A0EB32A79985500E42AC4 /* LocationManager.swift in Sources */ = {isa = PBXBuildFile; fileRef = F13A0EB22A79985500E42AC4 /* LocationManager.swift */; };
		F13A0EB92A7A61B700E42AC4 /* LocationSearchActivationView.swift in Sources */ = {isa = PBXBuildFile; fileRef = F13A0EB82A7A61B700E42AC4 /* LocationSearchActivationView.swift */; };
		F13A0EBB2A7A71B900E42AC4 /* MapViewActionButton.swift in Sources */ = {isa = PBXBuildFile; fileRef = F13A0EBA2A7A71B900E42AC4 /* MapViewActionButton.swift */; };
		F13A0EBD2A7A762B00E42AC4 /* LocationSearchView.swift in Sources */ = {isa = PBXBuildFile; fileRef = F13A0EBC2A7A762B00E42AC4 /* LocationSearchView.swift */; };
		F13A0EBF2A7A7AF100E42AC4 /* LocationSearchResultCell.swift in Sources */ = {isa = PBXBuildFile; fileRef = F13A0EBE2A7A7AF100E42AC4 /* LocationSearchResultCell.swift */; };
		F13A0EC12A7A855000E42AC4 /* LocationSearchViewModel.swift in Sources */ = {isa = PBXBuildFile; fileRef = F13A0EC02A7A855000E42AC4 /* LocationSearchViewModel.swift */; };
		F13A0EC32A7B2DDD00E42AC4 /* MapViewState.swift in Sources */ = {isa = PBXBuildFile; fileRef = F13A0EC22A7B2DDD00E42AC4 /* MapViewState.swift */; };
		F13A0EC62A7C49C800E42AC4 /* RideRequestView.swift in Sources */ = {isa = PBXBuildFile; fileRef = F13A0EC52A7C49C800E42AC4 /* RideRequestView.swift */; };
		F13A0EC82A7FC35600E42AC4 /* RideType.swift in Sources */ = {isa = PBXBuildFile; fileRef = F13A0EC72A7FC35600E42AC4 /* RideType.swift */; };
/* End PBXBuildFile section */

/* Begin PBXFileReference section */
		F13A0E952A798AD300E42AC4 /* UberSwiftUITutorial.app */ = {isa = PBXFileReference; explicitFileType = wrapper.application; includeInIndex = 0; path = UberSwiftUITutorial.app; sourceTree = BUILT_PRODUCTS_DIR; };
		F13A0E982A798AD300E42AC4 /* UberSwiftUITutorialApp.swift */ = {isa = PBXFileReference; lastKnownFileType = sourcecode.swift; path = UberSwiftUITutorialApp.swift; sourceTree = "<group>"; };
		F13A0E9C2A798AD400E42AC4 /* Assets.xcassets */ = {isa = PBXFileReference; lastKnownFileType = folder.assetcatalog; path = Assets.xcassets; sourceTree = "<group>"; };
		F13A0E9F2A798AD400E42AC4 /* Preview Assets.xcassets */ = {isa = PBXFileReference; lastKnownFileType = folder.assetcatalog; path = "Preview Assets.xcassets"; sourceTree = "<group>"; };
		F13A0EAE2A798D2200E42AC4 /* HomeView.swift */ = {isa = PBXFileReference; lastKnownFileType = sourcecode.swift; path = HomeView.swift; sourceTree = "<group>"; };
		F13A0EB02A798E3900E42AC4 /* UberMapViewRepresentable.swift */ = {isa = PBXFileReference; lastKnownFileType = sourcecode.swift; path = UberMapViewRepresentable.swift; sourceTree = "<group>"; };
		F13A0EB22A79985500E42AC4 /* LocationManager.swift */ = {isa = PBXFileReference; lastKnownFileType = sourcecode.swift; path = LocationManager.swift; sourceTree = "<group>"; };
		F13A0EB82A7A61B700E42AC4 /* LocationSearchActivationView.swift */ = {isa = PBXFileReference; lastKnownFileType = sourcecode.swift; path = LocationSearchActivationView.swift; sourceTree = "<group>"; };
		F13A0EBA2A7A71B900E42AC4 /* MapViewActionButton.swift */ = {isa = PBXFileReference; lastKnownFileType = sourcecode.swift; path = MapViewActionButton.swift; sourceTree = "<group>"; };
		F13A0EBC2A7A762B00E42AC4 /* LocationSearchView.swift */ = {isa = PBXFileReference; lastKnownFileType = sourcecode.swift; path = LocationSearchView.swift; sourceTree = "<group>"; };
		F13A0EBE2A7A7AF100E42AC4 /* LocationSearchResultCell.swift */ = {isa = PBXFileReference; lastKnownFileType = sourcecode.swift; path = LocationSearchResultCell.swift; sourceTree = "<group>"; };
		F13A0EC02A7A855000E42AC4 /* LocationSearchViewModel.swift */ = {isa = PBXFileReference; lastKnownFileType = sourcecode.swift; path = LocationSearchViewModel.swift; sourceTree = "<group>"; };
		F13A0EC22A7B2DDD00E42AC4 /* MapViewState.swift */ = {isa = PBXFileReference; lastKnownFileType = sourcecode.swift; path = MapViewState.swift; sourceTree = "<group>"; };
		F13A0EC52A7C49C800E42AC4 /* RideRequestView.swift */ = {isa = PBXFileReference; lastKnownFileType = sourcecode.swift; path = RideRequestView.swift; sourceTree = "<group>"; };
		F13A0EC72A7FC35600E42AC4 /* RideType.swift */ = {isa = PBXFileReference; lastKnownFileType = sourcecode.swift; path = RideType.swift; sourceTree = "<group>"; };
/* End PBXFileReference section */

/* Begin PBXFrameworksBuildPhase section */
		F13A0E922A798AD300E42AC4 /* Frameworks */ = {
			isa = PBXFrameworksBuildPhase;
			buildActionMask = 2147483647;
			files = (
			);
			runOnlyForDeploymentPostprocessing = 0;
		};
/* End PBXFrameworksBuildPhase section */

/* Begin PBXGroup section */
		F13A0E8C2A798AD300E42AC4 = {
			isa = PBXGroup;
			children = (
				F13A0E972A798AD300E42AC4 /* UberSwiftUITutorial */,
				F13A0E962A798AD300E42AC4 /* Products */,
			);
			sourceTree = "<group>";
		};
		F13A0E962A798AD300E42AC4 /* Products */ = {
			isa = PBXGroup;
			children = (
				F13A0E952A798AD300E42AC4 /* UberSwiftUITutorial.app */,
			);
			name = Products;
			sourceTree = "<group>";
		};
		F13A0E972A798AD300E42AC4 /* UberSwiftUITutorial */ = {
			isa = PBXGroup;
			children = (
				F13A0EAA2A798B4D00E42AC4 /* App */,
				F13A0EA92A798B4900E42AC4 /* Core */,
				F13A0EA82A798B4500E42AC4 /* Extensions */,
				F13A0EA72A798B3F00E42AC4 /* Managers */,
				F13A0EA62A798B3B00E42AC4 /* Models */,
				F13A0E9C2A798AD400E42AC4 /* Assets.xcassets */,
				F13A0E9E2A798AD400E42AC4 /* Preview Content */,
			);
			path = UberSwiftUITutorial;
			sourceTree = "<group>";
		};
		F13A0E9E2A798AD400E42AC4 /* Preview Content */ = {
			isa = PBXGroup;
			children = (
				F13A0E9F2A798AD400E42AC4 /* Preview Assets.xcassets */,
			);
			path = "Preview Content";
			sourceTree = "<group>";
		};
		F13A0EA62A798B3B00E42AC4 /* Models */ = {
			isa = PBXGroup;
			children = (
				F13A0EC22A7B2DDD00E42AC4 /* MapViewState.swift */,
				F13A0EC72A7FC35600E42AC4 /* RideType.swift */,
			);
			path = Models;
			sourceTree = "<group>";
		};
		F13A0EA72A798B3F00E42AC4 /* Managers */ = {
			isa = PBXGroup;
			children = (
				F13A0EB22A79985500E42AC4 /* LocationManager.swift */,
			);
			path = Managers;
			sourceTree = "<group>";
		};
		F13A0EA82A798B4500E42AC4 /* Extensions */ = {
			isa = PBXGroup;
			children = (
			);
			path = Extensions;
			sourceTree = "<group>";
		};
		F13A0EA92A798B4900E42AC4 /* Core */ = {
			isa = PBXGroup;
			children = (
				F13A0EC42A7C309B00E42AC4 /* Trips */,
				F13A0EB52A7A613F00E42AC4 /* LocationSearch */,
				F13A0EB42A7A611400E42AC4 /* Home */,
			);
			path = Core;
			sourceTree = "<group>";
		};
		F13A0EAA2A798B4D00E42AC4 /* App */ = {
			isa = PBXGroup;
			children = (
				F13A0E982A798AD300E42AC4 /* UberSwiftUITutorialApp.swift */,
			);
			path = App;
			sourceTree = "<group>";
		};
		F13A0EAC2A798BF400E42AC4 /* ViewModel */ = {
			isa = PBXGroup;
			children = (
			);
			path = ViewModel;
			sourceTree = "<group>";
		};
		F13A0EAD2A798BF800E42AC4 /* Views */ = {
			isa = PBXGroup;
			children = (
				F13A0EAE2A798D2200E42AC4 /* HomeView.swift */,
				F13A0EB02A798E3900E42AC4 /* UberMapViewRepresentable.swift */,
				F13A0EBA2A7A71B900E42AC4 /* MapViewActionButton.swift */,
			);
			path = Views;
			sourceTree = "<group>";
		};
		F13A0EB42A7A611400E42AC4 /* Home */ = {
			isa = PBXGroup;
			children = (
				F13A0EAC2A798BF400E42AC4 /* ViewModel */,
				F13A0EAD2A798BF800E42AC4 /* Views */,
			);
			path = Home;
			sourceTree = "<group>";
		};
		F13A0EB52A7A613F00E42AC4 /* LocationSearch */ = {
			isa = PBXGroup;
			children = (
				F13A0EB72A7A616700E42AC4 /* ViewModel */,
				F13A0EB62A7A615D00E42AC4 /* Views */,
			);
			path = LocationSearch;
			sourceTree = "<group>";
		};
		F13A0EB62A7A615D00E42AC4 /* Views */ = {
			isa = PBXGroup;
			children = (
				F13A0EB82A7A61B700E42AC4 /* LocationSearchActivationView.swift */,
				F13A0EBC2A7A762B00E42AC4 /* LocationSearchView.swift */,
				F13A0EBE2A7A7AF100E42AC4 /* LocationSearchResultCell.swift */,
			);
			path = Views;
			sourceTree = "<group>";
		};
		F13A0EB72A7A616700E42AC4 /* ViewModel */ = {
			isa = PBXGroup;
			children = (
				F13A0EC02A7A855000E42AC4 /* LocationSearchViewModel.swift */,
			);
			path = ViewModel;
			sourceTree = "<group>";
		};
		F13A0EC42A7C309B00E42AC4 /* Trips */ = {
			isa = PBXGroup;
			children = (
				F13A0EC52A7C49C800E42AC4 /* RideRequestView.swift */,
			);
			path = Trips;
			sourceTree = "<group>";
		};
/* End PBXGroup section */

/* Begin PBXNativeTarget section */
		F13A0E942A798AD300E42AC4 /* UberSwiftUITutorial */ = {
			isa = PBXNativeTarget;
			buildConfigurationList = F13A0EA32A798AD400E42AC4 /* Build configuration list for PBXNativeTarget "UberSwiftUITutorial" */;
			buildPhases = (
				F13A0E912A798AD300E42AC4 /* Sources */,
				F13A0E922A798AD300E42AC4 /* Frameworks */,
				F13A0E932A798AD300E42AC4 /* Resources */,
			);
			buildRules = (
			);
			dependencies = (
			);
			name = UberSwiftUITutorial;
			productName = UberSwiftUITutorial;
			productReference = F13A0E952A798AD300E42AC4 /* UberSwiftUITutorial.app */;
			productType = "com.apple.product-type.application";
		};
/* End PBXNativeTarget section */

/* Begin PBXProject section */
		F13A0E8D2A798AD300E42AC4 /* Project object */ = {
			isa = PBXProject;
			attributes = {
				BuildIndependentTargetsInParallel = 1;
				LastSwiftUpdateCheck = 1430;
				LastUpgradeCheck = 1430;
				TargetAttributes = {
					F13A0E942A798AD300E42AC4 = {
						CreatedOnToolsVersion = 14.3.1;
					};
				};
			};
			buildConfigurationList = F13A0E902A798AD300E42AC4 /* Build configuration list for PBXProject "UberSwiftUITutorial" */;
			compatibilityVersion = "Xcode 14.0";
			developmentRegion = en;
			hasScannedForEncodings = 0;
			knownRegions = (
				en,
				Base,
			);
			mainGroup = F13A0E8C2A798AD300E42AC4;
			productRefGroup = F13A0E962A798AD300E42AC4 /* Products */;
			projectDirPath = "";
			projectRoot = "";
			targets = (
				F13A0E942A798AD300E42AC4 /* UberSwiftUITutorial */,
			);
		};
/* End PBXProject section */

/* Begin PBXResourcesBuildPhase section */
		F13A0E932A798AD300E42AC4 /* Resources */ = {
			isa = PBXResourcesBuildPhase;
			buildActionMask = 2147483647;
			files = (
				F13A0EA02A798AD400E42AC4 /* Preview Assets.xcassets in Resources */,
				F13A0E9D2A798AD400E42AC4 /* Assets.xcassets in Resources */,
			);
			runOnlyForDeploymentPostprocessing = 0;
		};
/* End PBXResourcesBuildPhase section */

/* Begin PBXSourcesBuildPhase section */
		F13A0E912A798AD300E42AC4 /* Sources */ = {
			isa = PBXSourcesBuildPhase;
			buildActionMask = 2147483647;
			files = (
				F13A0EC12A7A855000E42AC4 /* LocationSearchViewModel.swift in Sources */,
				F13A0EBD2A7A762B00E42AC4 /* LocationSearchView.swift in Sources */,
				F13A0EB32A79985500E42AC4 /* LocationManager.swift in Sources */,
				F13A0EC62A7C49C800E42AC4 /* RideRequestView.swift in Sources */,
				F13A0EC32A7B2DDD00E42AC4 /* MapViewState.swift in Sources */,
				F13A0EBB2A7A71B900E42AC4 /* MapViewActionButton.swift in Sources */,
				F13A0E992A798AD300E42AC4 /* UberSwiftUITutorialApp.swift in Sources */,
				F13A0EB12A798E3900E42AC4 /* UberMapViewRepresentable.swift in Sources */,
				F13A0EAF2A798D2200E42AC4 /* HomeView.swift in Sources */,
				F13A0EB92A7A61B700E42AC4 /* LocationSearchActivationView.swift in Sources */,
				F13A0EBF2A7A7AF100E42AC4 /* LocationSearchResultCell.swift in Sources */,
				F13A0EC82A7FC35600E42AC4 /* RideType.swift in Sources */,
			);
			runOnlyForDeploymentPostprocessing = 0;
		};
/* End PBXSourcesBuildPhase section */

/* Begin XCBuildConfiguration section */
		F13A0EA12A798AD400E42AC4 /* Debug */ = {
			isa = XCBuildConfiguration;
			buildSettings = {
				ALWAYS_SEARCH_USER_PATHS = NO;
				CLANG_ANALYZER_NONNULL = YES;
				CLANG_ANALYZER_NUMBER_OBJECT_CONVERSION = YES_AGGRESSIVE;
				CLANG_CXX_LANGUAGE_STANDARD = "gnu++20";
				CLANG_ENABLE_MODULES = YES;
				CLANG_ENABLE_OBJC_ARC = YES;
				CLANG_ENABLE_OBJC_WEAK = YES;
				CLANG_WARN_BLOCK_CAPTURE_AUTORELEASING = YES;
				CLANG_WARN_BOOL_CONVERSION = YES;
				CLANG_WARN_COMMA = YES;
				CLANG_WARN_CONSTANT_CONVERSION = YES;
				CLANG_WARN_DEPRECATED_OBJC_IMPLEMENTATIONS = YES;
				CLANG_WARN_DIRECT_OBJC_ISA_USAGE = YES_ERROR;
				CLANG_WARN_DOCUMENTATION_COMMENTS = YES;
				CLANG_WARN_EMPTY_BODY = YES;
				CLANG_WARN_ENUM_CONVERSION = YES;
				CLANG_WARN_INFINITE_RECURSION = YES;
				CLANG_WARN_INT_CONVERSION = YES;
				CLANG_WARN_NON_LITERAL_NULL_CONVERSION = YES;
				CLANG_WARN_OBJC_IMPLICIT_RETAIN_SELF = YES;
				CLANG_WARN_OBJC_LITERAL_CONVERSION = YES;
				CLANG_WARN_OBJC_ROOT_CLASS = YES_ERROR;
				CLANG_WARN_QUOTED_INCLUDE_IN_FRAMEWORK_HEADER = YES;
				CLANG_WARN_RANGE_LOOP_ANALYSIS = YES;
				CLANG_WARN_STRICT_PROTOTYPES = YES;
				CLANG_WARN_SUSPICIOUS_MOVE = YES;
				CLANG_WARN_UNGUARDED_AVAILABILITY = YES_AGGRESSIVE;
				CLANG_WARN_UNREACHABLE_CODE = YES;
				CLANG_WARN__DUPLICATE_METHOD_MATCH = YES;
				COPY_PHASE_STRIP = NO;
				DEBUG_INFORMATION_FORMAT = dwarf;
				ENABLE_STRICT_OBJC_MSGSEND = YES;
				ENABLE_TESTABILITY = YES;
				GCC_C_LANGUAGE_STANDARD = gnu11;
				GCC_DYNAMIC_NO_PIC = NO;
				GCC_NO_COMMON_BLOCKS = YES;
				GCC_OPTIMIZATION_LEVEL = 0;
				GCC_PREPROCESSOR_DEFINITIONS = (
					"DEBUG=1",
					"$(inherited)",
				);
				GCC_WARN_64_TO_32_BIT_CONVERSION = YES;
				GCC_WARN_ABOUT_RETURN_TYPE = YES_ERROR;
				GCC_WARN_UNDECLARED_SELECTOR = YES;
				GCC_WARN_UNINITIALIZED_AUTOS = YES_AGGRESSIVE;
				GCC_WARN_UNUSED_FUNCTION = YES;
				GCC_WARN_UNUSED_VARIABLE = YES;
				IPHONEOS_DEPLOYMENT_TARGET = 16.4;
				MTL_ENABLE_DEBUG_INFO = INCLUDE_SOURCE;
				MTL_FAST_MATH = YES;
				ONLY_ACTIVE_ARCH = YES;
				SDKROOT = iphoneos;
				SWIFT_ACTIVE_COMPILATION_CONDITIONS = DEBUG;
				SWIFT_OPTIMIZATION_LEVEL = "-Onone";
			};
			name = Debug;
		};
		F13A0EA22A798AD400E42AC4 /* Release */ = {
			isa = XCBuildConfiguration;
			buildSettings = {
				ALWAYS_SEARCH_USER_PATHS = NO;
				CLANG_ANALYZER_NONNULL = YES;
				CLANG_ANALYZER_NUMBER_OBJECT_CONVERSION = YES_AGGRESSIVE;
				CLANG_CXX_LANGUAGE_STANDARD = "gnu++20";
				CLANG_ENABLE_MODULES = YES;
				CLANG_ENABLE_OBJC_ARC = YES;
				CLANG_ENABLE_OBJC_WEAK = YES;
				CLANG_WARN_BLOCK_CAPTURE_AUTORELEASING = YES;
				CLANG_WARN_BOOL_CONVERSION = YES;
				CLANG_WARN_COMMA = YES;
				CLANG_WARN_CONSTANT_CONVERSION = YES;
				CLANG_WARN_DEPRECATED_OBJC_IMPLEMENTATIONS = YES;
				CLANG_WARN_DIRECT_OBJC_ISA_USAGE = YES_ERROR;
				CLANG_WARN_DOCUMENTATION_COMMENTS = YES;
				CLANG_WARN_EMPTY_BODY = YES;
				CLANG_WARN_ENUM_CONVERSION = YES;
				CLANG_WARN_INFINITE_RECURSION = YES;
				CLANG_WARN_INT_CONVERSION = YES;
				CLANG_WARN_NON_LITERAL_NULL_CONVERSION = YES;
				CLANG_WARN_OBJC_IMPLICIT_RETAIN_SELF = YES;
				CLANG_WARN_OBJC_LITERAL_CONVERSION = YES;
				CLANG_WARN_OBJC_ROOT_CLASS = YES_ERROR;
				CLANG_WARN_QUOTED_INCLUDE_IN_FRAMEWORK_HEADER = YES;
				CLANG_WARN_RANGE_LOOP_ANALYSIS = YES;
				CLANG_WARN_STRICT_PROTOTYPES = YES;
				CLANG_WARN_SUSPICIOUS_MOVE = YES;
				CLANG_WARN_UNGUARDED_AVAILABILITY = YES_AGGRESSIVE;
				CLANG_WARN_UNREACHABLE_CODE = YES;
				CLANG_WARN__DUPLICATE_METHOD_MATCH = YES;
				COPY_PHASE_STRIP = NO;
				DEBUG_INFORMATION_FORMAT = "dwarf-with-dsym";
				ENABLE_NS_ASSERTIONS = NO;
				ENABLE_STRICT_OBJC_MSGSEND = YES;
				GCC_C_LANGUAGE_STANDARD = gnu11;
				GCC_NO_COMMON_BLOCKS = YES;
				GCC_WARN_64_TO_32_BIT_CONVERSION = YES;
				GCC_WARN_ABOUT_RETURN_TYPE = YES_ERROR;
				GCC_WARN_UNDECLARED_SELECTOR = YES;
				GCC_WARN_UNINITIALIZED_AUTOS = YES_AGGRESSIVE;
				GCC_WARN_UNUSED_FUNCTION = YES;
				GCC_WARN_UNUSED_VARIABLE = YES;
				IPHONEOS_DEPLOYMENT_TARGET = 16.4;
				MTL_ENABLE_DEBUG_INFO = NO;
				MTL_FAST_MATH = YES;
				SDKROOT = iphoneos;
				SWIFT_COMPILATION_MODE = wholemodule;
				SWIFT_OPTIMIZATION_LEVEL = "-O";
				VALIDATE_PRODUCT = YES;
			};
			name = Release;
		};
		F13A0EA42A798AD400E42AC4 /* Debug */ = {
			isa = XCBuildConfiguration;
			buildSettings = {
				ASSETCATALOG_COMPILER_APPICON_NAME = AppIcon;
				ASSETCATALOG_COMPILER_GLOBAL_ACCENT_COLOR_NAME = AccentColor;
				CODE_SIGN_STYLE = Automatic;
				CURRENT_PROJECT_VERSION = 1;
				DEVELOPMENT_ASSET_PATHS = "\"UberSwiftUITutorial/Preview Content\"";
				ENABLE_PREVIEWS = YES;
				GENERATE_INFOPLIST_FILE = YES;
				INFOPLIST_KEY_NSLocationWhenInUseUsageDescription = "please allow us to access your  location to find you nearby drivers and rides ";
				INFOPLIST_KEY_UIApplicationSceneManifest_Generation = YES;
				INFOPLIST_KEY_UIApplicationSupportsIndirectInputEvents = YES;
				INFOPLIST_KEY_UILaunchScreen_Generation = YES;
				INFOPLIST_KEY_UISupportedInterfaceOrientations_iPad = "UIInterfaceOrientationPortrait UIInterfaceOrientationPortraitUpsideDown UIInterfaceOrientationLandscapeLeft UIInterfaceOrientationLandscapeRight";
				INFOPLIST_KEY_UISupportedInterfaceOrientations_iPhone = "UIInterfaceOrientationPortrait UIInterfaceOrientationLandscapeLeft UIInterfaceOrientationLandscapeRight";
				LD_RUNPATH_SEARCH_PATHS = (
					"$(inherited)",
					"@executable_path/Frameworks",
				);
				MARKETING_VERSION = 1.0;
				PRODUCT_BUNDLE_IDENTIFIER = Sasha87.UberSwiftUITutorial;
				PRODUCT_NAME = "$(TARGET_NAME)";
				SWIFT_EMIT_LOC_STRINGS = YES;
				SWIFT_VERSION = 5.0;
				TARGETED_DEVICE_FAMILY = "1,2";
			};
			name = Debug;
		};
		F13A0EA52A798AD400E42AC4 /* Release */ = {
			isa = XCBuildConfiguration;
			buildSettings = {
				ASSETCATALOG_COMPILER_APPICON_NAME = AppIcon;
				ASSETCATALOG_COMPILER_GLOBAL_ACCENT_COLOR_NAME = AccentColor;
				CODE_SIGN_STYLE = Automatic;
				CURRENT_PROJECT_VERSION = 1;
				DEVELOPMENT_ASSET_PATHS = "\"UberSwiftUITutorial/Preview Content\"";
				ENABLE_PREVIEWS = YES;
				GENERATE_INFOPLIST_FILE = YES;
				INFOPLIST_KEY_NSLocationWhenInUseUsageDescription = "please allow us to access your  location to find you nearby drivers and rides ";
				INFOPLIST_KEY_UIApplicationSceneManifest_Generation = YES;
				INFOPLIST_KEY_UIApplicationSupportsIndirectInputEvents = YES;
				INFOPLIST_KEY_UILaunchScreen_Generation = YES;
				INFOPLIST_KEY_UISupportedInterfaceOrientations_iPad = "UIInterfaceOrientationPortrait UIInterfaceOrientationPortraitUpsideDown UIInterfaceOrientationLandscapeLeft UIInterfaceOrientationLandscapeRight";
				INFOPLIST_KEY_UISupportedInterfaceOrientations_iPhone = "UIInterfaceOrientationPortrait UIInterfaceOrientationLandscapeLeft UIInterfaceOrientationLandscapeRight";
				LD_RUNPATH_SEARCH_PATHS = (
					"$(inherited)",
					"@executable_path/Frameworks",
				);
				MARKETING_VERSION = 1.0;
				PRODUCT_BUNDLE_IDENTIFIER = Sasha87.UberSwiftUITutorial;
				PRODUCT_NAME = "$(TARGET_NAME)";
				SWIFT_EMIT_LOC_STRINGS = YES;
				SWIFT_VERSION = 5.0;
				TARGETED_DEVICE_FAMILY = "1,2";
			};
			name = Release;
		};
/* End XCBuildConfiguration section */

/* Begin XCConfigurationList section */
		F13A0E902A798AD300E42AC4 /* Build configuration list for PBXProject "UberSwiftUITutorial" */ = {
			isa = XCConfigurationList;
			buildConfigurations = (
				F13A0EA12A798AD400E42AC4 /* Debug */,
				F13A0EA22A798AD400E42AC4 /* Release */,
			);
			defaultConfigurationIsVisible = 0;
			defaultConfigurationName = Release;
		};
		F13A0EA32A798AD400E42AC4 /* Build configuration list for PBXNativeTarget "UberSwiftUITutorial" */ = {
			isa = XCConfigurationList;
			buildConfigurations = (
				F13A0EA42A798AD400E42AC4 /* Debug */,
				F13A0EA52A798AD400E42AC4 /* Release */,
			);
			defaultConfigurationIsVisible = 0;
			defaultConfigurationName = Release;
		};
/* End XCConfigurationList section */
	};
	rootObject = F13A0E8D2A798AD300E42AC4 /* Project object */;
}
